
Microsoft Visual Studio Solution File, Format Version 12.00
# Visual Studio Version 17
VisualStudioVersion = 17.7.34018.315
MinimumVisualStudioVersion = 10.0.40219.1
Project("{9A19103F-16F7-4668-BE54-9A1E7A4F7556}") = "AspNewCoreAPI_Intro", "AspNewCoreAPI_Intro.csproj", "{AF370F5F-05AD-48F6-9015-5F75EE8477B5}"
EndProject
Project("{FAE04EC0-301F-11D3-BF4B-00C04F79EFBC}") = "AsnNetCoreMvcWithAPI", "..\AsnNetCoreMvcWithAPI\AsnNetCoreMvcWithAPI.csproj", "{D330FC9B-B985-4BDA-82D7-D2649C09EC68}"
EndProject
Global
	GlobalSection(SolutionConfigurationPlatforms) = preSolution
		Debug|Any CPU = Debug|Any CPU
		Release|Any CPU = Release|Any CPU
	EndGlobalSection
	GlobalSection(ProjectConfigurationPlatforms) = postSolution
		{AF370F5F-05AD-48F6-9015-5F75EE8477B5}.Debug|Any CPU.ActiveCfg = Debug|Any CPU
		{AF370F5F-05AD-48F6-9015-5F75EE8477B5}.Debug|Any CPU.Build.0 = Debug|Any CPU
		{AF370F5F-05AD-48F6-9015-5F75EE8477B5}.Release|Any CPU.ActiveCfg = Release|Any CPU
		{AF370F5F-05AD-48F6-9015-5F75EE8477B5}.Release|Any CPU.Build.0 = Release|Any CPU
		{D330FC9B-B985-4BDA-82D7-D2649C09EC68}.Debug|Any CPU.ActiveCfg = Debug|Any CPU
		{D330FC9B-B985-4BDA-82D7-D2649C09EC68}.Debug|Any CPU.Build.0 = Debug|Any CPU
		{D330FC9B-B985-4BDA-82D7-D2649C09EC68}.Release|Any CPU.ActiveCfg = Release|Any CPU
		{D330FC9B-B985-4BDA-82D7-D2649C09EC68}.Release|Any CPU.Build.0 = Release|Any CPU
	EndGlobalSection
	GlobalSection(SolutionProperties) = preSolution
		HideSolutionNode = FALSE
	EndGlobalSection
	GlobalSection(ExtensibilityGlobals) = postSolution
		SolutionGuid = {135E6DCE-23C6-48B7-A7E7-C43CBACCDF1E}
	EndGlobalSection
EndGlobal
